// !$*UTF8*$!
{
	archiveVersion = 1;
	classes = {
	};
	objectVersion = 48;
	objects = {

/* Begin PBXBuildFile section */
		657E932D33FCA26408A5F4FA /* libPods-AppFramework.a in Frameworks */ = {isa = PBXBuildFile; fileRef = 51BB5CE23D48366AEDA4F4C8 /* libPods-AppFramework.a */; };
		7B00C284210F00A5005153EE /* AdvertiseView.m in Sources */ = {isa = PBXBuildFile; fileRef = 7B00C283210F00A5005153EE /* AdvertiseView.m */; };
		7B00C287210F0A73005153EE /* AdvertiseHelper.m in Sources */ = {isa = PBXBuildFile; fileRef = 7B00C286210F0A73005153EE /* AdvertiseHelper.m */; };
		7B2240D120EDF23300E45BDC /* SUTRuntimeMethod.m in Sources */ = {isa = PBXBuildFile; fileRef = 7B2240D020EDF23300E45BDC /* SUTRuntimeMethod.m */; };
		7B4A6A4320EA0C9F00FA9963 /* Student.m in Sources */ = {isa = PBXBuildFile; fileRef = 7B4A6A4220EA0C9F00FA9963 /* Student.m */; };
		7B628D0920FDE6B1001E8C6D /* CAView.m in Sources */ = {isa = PBXBuildFile; fileRef = 7B628D0820FDE6B1001E8C6D /* CAView.m */; };
		7BA0A5C120EEFDBD008D4370 /* UIViewController+Swizzle.m in Sources */ = {isa = PBXBuildFile; fileRef = 7BA0A5C020EEFDBD008D4370 /* UIViewController+Swizzle.m */; };
		7BA0A5C420EF052B008D4370 /* NSArray+MyArray.m in Sources */ = {isa = PBXBuildFile; fileRef = 7BA0A5C320EF052B008D4370 /* NSArray+MyArray.m */; };
		7BA0A5C720EF44F2008D4370 /* MyRuntimeBlock.m in Sources */ = {isa = PBXBuildFile; fileRef = 7BA0A5C620EF44F2008D4370 /* MyRuntimeBlock.m */; };
		7BA0F36720F6ECC9004D6987 /* FMDBDemo.m in Sources */ = {isa = PBXBuildFile; fileRef = 7BA0F36620F6ECC9004D6987 /* FMDBDemo.m */; };
		7BA0F36B20F72902004D6987 /* NotificationDemo.m in Sources */ = {isa = PBXBuildFile; fileRef = 7BA0F36A20F72902004D6987 /* NotificationDemo.m */; };
		7BA6E8BF20ECA14C006F04D0 /* NSArray+Blog.m in Sources */ = {isa = PBXBuildFile; fileRef = 7BA6E8BE20ECA14C006F04D0 /* NSArray+Blog.m */; };
		7BC6CF9420FC8AFD00E09F3C /* ThreadDemo.m in Sources */ = {isa = PBXBuildFile; fileRef = 7BC6CF9320FC8AFD00E09F3C /* ThreadDemo.m */; };
		7BF2182A20746B6500F45A01 /* AppDelegate.m in Sources */ = {isa = PBXBuildFile; fileRef = 7BF2182920746B6500F45A01 /* AppDelegate.m */; };
		7BF2182D20746B6500F45A01 /* ViewController.m in Sources */ = {isa = PBXBuildFile; fileRef = 7BF2182C20746B6500F45A01 /* ViewController.m */; };
		7BF2183020746B6500F45A01 /* Main.storyboard in Resources */ = {isa = PBXBuildFile; fileRef = 7BF2182E20746B6500F45A01 /* Main.storyboard */; };
		7BF2183220746B6500F45A01 /* Assets.xcassets in Resources */ = {isa = PBXBuildFile; fileRef = 7BF2183120746B6500F45A01 /* Assets.xcassets */; };
		7BF2183520746B6500F45A01 /* LaunchScreen.storyboard in Resources */ = {isa = PBXBuildFile; fileRef = 7BF2183320746B6500F45A01 /* LaunchScreen.storyboard */; };
		7BF2183820746B6500F45A01 /* main.m in Sources */ = {isa = PBXBuildFile; fileRef = 7BF2183720746B6500F45A01 /* main.m */; };
		7BF2184220746B6500F45A01 /* AppFrameworkTests.m in Sources */ = {isa = PBXBuildFile; fileRef = 7BF2184120746B6500F45A01 /* AppFrameworkTests.m */; };
		7BF2184D20746B6600F45A01 /* AppFrameworkUITests.m in Sources */ = {isa = PBXBuildFile; fileRef = 7BF2184C20746B6600F45A01 /* AppFrameworkUITests.m */; };
		7BF2185C2074804C00F45A01 /* BaseViewController.m in Sources */ = {isa = PBXBuildFile; fileRef = 7BF2185B2074804C00F45A01 /* BaseViewController.m */; };
		7BF2185E2074819900F45A01 /* NavigationBar_image.png in Resources */ = {isa = PBXBuildFile; fileRef = 7BF2185D2074819900F45A01 /* NavigationBar_image.png */; };
		7BF218612074CADB00F45A01 /* BaseWebViewController.m in Sources */ = {isa = PBXBuildFile; fileRef = 7BF218602074CADB00F45A01 /* BaseWebViewController.m */; };
		7BF218642074D59900F45A01 /* WebViewController.m in Sources */ = {isa = PBXBuildFile; fileRef = 7BF218632074D59900F45A01 /* WebViewController.m */; };
/* End PBXBuildFile section */

/* Begin PBXContainerItemProxy section */
		7BF2183E20746B6500F45A01 /* PBXContainerItemProxy */ = {
			isa = PBXContainerItemProxy;
			containerPortal = 7BF2181D20746B6500F45A01 /* Project object */;
			proxyType = 1;
			remoteGlobalIDString = 7BF2182420746B6500F45A01;
			remoteInfo = AppFramework;
		};
		7BF2184920746B6600F45A01 /* PBXContainerItemProxy */ = {
			isa = PBXContainerItemProxy;
			containerPortal = 7BF2181D20746B6500F45A01 /* Project object */;
			proxyType = 1;
			remoteGlobalIDString = 7BF2182420746B6500F45A01;
			remoteInfo = AppFramework;
		};
/* End PBXContainerItemProxy section */

/* Begin PBXFileReference section */
		51BB5CE23D48366AEDA4F4C8 /* libPods-AppFramework.a */ = {isa = PBXFileReference; explicitFileType = archive.ar; includeInIndex = 0; path = "libPods-AppFramework.a"; sourceTree = BUILT_PRODUCTS_DIR; };
		7B00C282210F00A5005153EE /* AdvertiseView.h */ = {isa = PBXFileReference; lastKnownFileType = sourcecode.c.h; path = AdvertiseView.h; sourceTree = "<group>"; };
		7B00C283210F00A5005153EE /* AdvertiseView.m */ = {isa = PBXFileReference; lastKnownFileType = sourcecode.c.objc; path = AdvertiseView.m; sourceTree = "<group>"; };
		7B00C285210F0A73005153EE /* AdvertiseHelper.h */ = {isa = PBXFileReference; lastKnownFileType = sourcecode.c.h; path = AdvertiseHelper.h; sourceTree = "<group>"; };
		7B00C286210F0A73005153EE /* AdvertiseHelper.m */ = {isa = PBXFileReference; lastKnownFileType = sourcecode.c.objc; path = AdvertiseHelper.m; sourceTree = "<group>"; };
		7B2240CF20EDF23300E45BDC /* SUTRuntimeMethod.h */ = {isa = PBXFileReference; lastKnownFileType = sourcecode.c.h; path = SUTRuntimeMethod.h; sourceTree = "<group>"; };
		7B2240D020EDF23300E45BDC /* SUTRuntimeMethod.m */ = {isa = PBXFileReference; lastKnownFileType = sourcecode.c.objc; path = SUTRuntimeMethod.m; sourceTree = "<group>"; };
		7B4A6A4120EA0C9F00FA9963 /* Student.h */ = {isa = PBXFileReference; lastKnownFileType = sourcecode.c.h; path = Student.h; sourceTree = "<group>"; };
		7B4A6A4220EA0C9F00FA9963 /* Student.m */ = {isa = PBXFileReference; lastKnownFileType = sourcecode.c.objc; path = Student.m; sourceTree = "<group>"; };
		7B628D0620FDDFB5001E8C6D /* CoreAnimation.md */ = {isa = PBXFileReference; lastKnownFileType = net.daringfireball.markdown; path = CoreAnimation.md; sourceTree = "<group>"; };
		7B628D0720FDE6B1001E8C6D /* CAView.h */ = {isa = PBXFileReference; lastKnownFileType = sourcecode.c.h; path = CAView.h; sourceTree = "<group>"; };
		7B628D0820FDE6B1001E8C6D /* CAView.m */ = {isa = PBXFileReference; lastKnownFileType = sourcecode.c.objc; path = CAView.m; sourceTree = "<group>"; };
		7B628D0A20FDE7E7001E8C6D /* AppFramework.pch */ = {isa = PBXFileReference; lastKnownFileType = sourcecode.c.h; path = AppFramework.pch; sourceTree = "<group>"; };
		7B8198D1211198EE00F85F84 /* KVO.md */ = {isa = PBXFileReference; lastKnownFileType = net.daringfireball.markdown; path = KVO.md; sourceTree = "<group>"; };
		7B8198D221119BDB00F85F84 /* UITableView_优化.md */ = {isa = PBXFileReference; lastKnownFileType = net.daringfireball.markdown; path = "UITableView_优化.md"; sourceTree = "<group>"; };
		7BA0A5BF20EEFDBD008D4370 /* UIViewController+Swizzle.h */ = {isa = PBXFileReference; lastKnownFileType = sourcecode.c.h; path = "UIViewController+Swizzle.h"; sourceTree = "<group>"; };
		7BA0A5C020EEFDBD008D4370 /* UIViewController+Swizzle.m */ = {isa = PBXFileReference; lastKnownFileType = sourcecode.c.objc; path = "UIViewController+Swizzle.m"; sourceTree = "<group>"; };
		7BA0A5C220EF052B008D4370 /* NSArray+MyArray.h */ = {isa = PBXFileReference; lastKnownFileType = sourcecode.c.h; path = "NSArray+MyArray.h"; sourceTree = "<group>"; };
		7BA0A5C320EF052B008D4370 /* NSArray+MyArray.m */ = {isa = PBXFileReference; lastKnownFileType = sourcecode.c.objc; path = "NSArray+MyArray.m"; sourceTree = "<group>"; };
		7BA0A5C520EF44F2008D4370 /* MyRuntimeBlock.h */ = {isa = PBXFileReference; lastKnownFileType = sourcecode.c.h; path = MyRuntimeBlock.h; sourceTree = "<group>"; };
		7BA0A5C620EF44F2008D4370 /* MyRuntimeBlock.m */ = {isa = PBXFileReference; lastKnownFileType = sourcecode.c.objc; path = MyRuntimeBlock.m; sourceTree = "<group>"; };
		7BA0F36520F6ECC9004D6987 /* FMDBDemo.h */ = {isa = PBXFileReference; lastKnownFileType = sourcecode.c.h; path = FMDBDemo.h; sourceTree = "<group>"; };
		7BA0F36620F6ECC9004D6987 /* FMDBDemo.m */ = {isa = PBXFileReference; lastKnownFileType = sourcecode.c.objc; path = FMDBDemo.m; sourceTree = "<group>"; };
		7BA0F36920F72902004D6987 /* NotificationDemo.h */ = {isa = PBXFileReference; lastKnownFileType = sourcecode.c.h; path = NotificationDemo.h; sourceTree = "<group>"; };
		7BA0F36A20F72902004D6987 /* NotificationDemo.m */ = {isa = PBXFileReference; lastKnownFileType = sourcecode.c.objc; path = NotificationDemo.m; sourceTree = "<group>"; };
		7BA6E8BD20ECA14C006F04D0 /* NSArray+Blog.h */ = {isa = PBXFileReference; lastKnownFileType = sourcecode.c.h; path = "NSArray+Blog.h"; sourceTree = "<group>"; };
		7BA6E8BE20ECA14C006F04D0 /* NSArray+Blog.m */ = {isa = PBXFileReference; lastKnownFileType = sourcecode.c.objc; path = "NSArray+Blog.m"; sourceTree = "<group>"; };
		7BC6CF8F20FC42CA00E09F3C /* README.md */ = {isa = PBXFileReference; lastKnownFileType = net.daringfireball.markdown; path = README.md; sourceTree = "<group>"; };
		7BC6CF9020FC7CFE00E09F3C /* 多线程.md */ = {isa = PBXFileReference; lastKnownFileType = net.daringfireball.markdown; path = "多线程.md"; sourceTree = "<group>"; };
		7BC6CF9220FC8AFD00E09F3C /* ThreadDemo.h */ = {isa = PBXFileReference; lastKnownFileType = sourcecode.c.h; path = ThreadDemo.h; sourceTree = "<group>"; };
		7BC6CF9320FC8AFD00E09F3C /* ThreadDemo.m */ = {isa = PBXFileReference; lastKnownFileType = sourcecode.c.objc; path = ThreadDemo.m; sourceTree = "<group>"; };
		7BF2182520746B6500F45A01 /* AppFramework.app */ = {isa = PBXFileReference; explicitFileType = wrapper.application; includeInIndex = 0; path = AppFramework.app; sourceTree = BUILT_PRODUCTS_DIR; };
		7BF2182820746B6500F45A01 /* AppDelegate.h */ = {isa = PBXFileReference; lastKnownFileType = sourcecode.c.h; path = AppDelegate.h; sourceTree = "<group>"; };
		7BF2182920746B6500F45A01 /* AppDelegate.m */ = {isa = PBXFileReference; lastKnownFileType = sourcecode.c.objc; path = AppDelegate.m; sourceTree = "<group>"; };
		7BF2182B20746B6500F45A01 /* ViewController.h */ = {isa = PBXFileReference; lastKnownFileType = sourcecode.c.h; path = ViewController.h; sourceTree = "<group>"; };
		7BF2182C20746B6500F45A01 /* ViewController.m */ = {isa = PBXFileReference; lastKnownFileType = sourcecode.c.objc; path = ViewController.m; sourceTree = "<group>"; };
		7BF2182F20746B6500F45A01 /* Base */ = {isa = PBXFileReference; lastKnownFileType = file.storyboard; name = Base; path = Base.lproj/Main.storyboard; sourceTree = "<group>"; };
		7BF2183120746B6500F45A01 /* Assets.xcassets */ = {isa = PBXFileReference; lastKnownFileType = folder.assetcatalog; path = Assets.xcassets; sourceTree = "<group>"; };
		7BF2183420746B6500F45A01 /* Base */ = {isa = PBXFileReference; lastKnownFileType = file.storyboard; name = Base; path = Base.lproj/LaunchScreen.storyboard; sourceTree = "<group>"; };
		7BF2183620746B6500F45A01 /* Info.plist */ = {isa = PBXFileReference; lastKnownFileType = text.plist.xml; path = Info.plist; sourceTree = "<group>"; };
		7BF2183720746B6500F45A01 /* main.m */ = {isa = PBXFileReference; lastKnownFileType = sourcecode.c.objc; path = main.m; sourceTree = "<group>"; };
		7BF2183D20746B6500F45A01 /* AppFrameworkTests.xctest */ = {isa = PBXFileReference; explicitFileType = wrapper.cfbundle; includeInIndex = 0; path = AppFrameworkTests.xctest; sourceTree = BUILT_PRODUCTS_DIR; };
		7BF2184120746B6500F45A01 /* AppFrameworkTests.m */ = {isa = PBXFileReference; lastKnownFileType = sourcecode.c.objc; path = AppFrameworkTests.m; sourceTree = "<group>"; };
		7BF2184320746B6500F45A01 /* Info.plist */ = {isa = PBXFileReference; lastKnownFileType = text.plist.xml; path = Info.plist; sourceTree = "<group>"; };
		7BF2184820746B6500F45A01 /* AppFrameworkUITests.xctest */ = {isa = PBXFileReference; explicitFileType = wrapper.cfbundle; includeInIndex = 0; path = AppFrameworkUITests.xctest; sourceTree = BUILT_PRODUCTS_DIR; };
		7BF2184C20746B6600F45A01 /* AppFrameworkUITests.m */ = {isa = PBXFileReference; lastKnownFileType = sourcecode.c.objc; path = AppFrameworkUITests.m; sourceTree = "<group>"; };
		7BF2184E20746B6600F45A01 /* Info.plist */ = {isa = PBXFileReference; lastKnownFileType = text.plist.xml; path = Info.plist; sourceTree = "<group>"; };
		7BF2185A2074804C00F45A01 /* BaseViewController.h */ = {isa = PBXFileReference; lastKnownFileType = sourcecode.c.h; path = BaseViewController.h; sourceTree = "<group>"; };
		7BF2185B2074804C00F45A01 /* BaseViewController.m */ = {isa = PBXFileReference; lastKnownFileType = sourcecode.c.objc; path = BaseViewController.m; sourceTree = "<group>"; };
		7BF2185D2074819900F45A01 /* NavigationBar_image.png */ = {isa = PBXFileReference; lastKnownFileType = image.png; path = NavigationBar_image.png; sourceTree = "<group>"; };
		7BF2185F2074CADB00F45A01 /* BaseWebViewController.h */ = {isa = PBXFileReference; lastKnownFileType = sourcecode.c.h; path = BaseWebViewController.h; sourceTree = "<group>"; };
		7BF218602074CADB00F45A01 /* BaseWebViewController.m */ = {isa = PBXFileReference; lastKnownFileType = sourcecode.c.objc; path = BaseWebViewController.m; sourceTree = "<group>"; };
		7BF218622074D59900F45A01 /* WebViewController.h */ = {isa = PBXFileReference; lastKnownFileType = sourcecode.c.h; path = WebViewController.h; sourceTree = "<group>"; };
		7BF218632074D59900F45A01 /* WebViewController.m */ = {isa = PBXFileReference; lastKnownFileType = sourcecode.c.objc; path = WebViewController.m; sourceTree = "<group>"; };
		A630596B0BD6A84272AEB085 /* Pods-AppFramework.release.xcconfig */ = {isa = PBXFileReference; includeInIndex = 1; lastKnownFileType = text.xcconfig; name = "Pods-AppFramework.release.xcconfig"; path = "Pods/Target Support Files/Pods-AppFramework/Pods-AppFramework.release.xcconfig"; sourceTree = "<group>"; };
		E8D3CC27EEBEC8AB2795F72C /* Pods-AppFramework.debug.xcconfig */ = {isa = PBXFileReference; includeInIndex = 1; lastKnownFileType = text.xcconfig; name = "Pods-AppFramework.debug.xcconfig"; path = "Pods/Target Support Files/Pods-AppFramework/Pods-AppFramework.debug.xcconfig"; sourceTree = "<group>"; };
/* End PBXFileReference section */

/* Begin PBXFrameworksBuildPhase section */
		7BF2182220746B6500F45A01 /* Frameworks */ = {
			isa = PBXFrameworksBuildPhase;
			buildActionMask = 2147483647;
			files = (
				657E932D33FCA26408A5F4FA /* libPods-AppFramework.a in Frameworks */,
			);
			runOnlyForDeploymentPostprocessing = 0;
		};
		7BF2183A20746B6500F45A01 /* Frameworks */ = {
			isa = PBXFrameworksBuildPhase;
			buildActionMask = 2147483647;
			files = (
			);
			runOnlyForDeploymentPostprocessing = 0;
		};
		7BF2184520746B6500F45A01 /* Frameworks */ = {
			isa = PBXFrameworksBuildPhase;
			buildActionMask = 2147483647;
			files = (
			);
			runOnlyForDeploymentPostprocessing = 0;
		};
/* End PBXFrameworksBuildPhase section */

/* Begin PBXGroup section */
		240133B29EA871946DE90CB1 /* Pods */ = {
			isa = PBXGroup;
			children = (
				E8D3CC27EEBEC8AB2795F72C /* Pods-AppFramework.debug.xcconfig */,
				A630596B0BD6A84272AEB085 /* Pods-AppFramework.release.xcconfig */,
			);
			name = Pods;
			sourceTree = "<group>";
		};
		335CBD06404F80FBA3815586 /* Frameworks */ = {
			isa = PBXGroup;
			children = (
				51BB5CE23D48366AEDA4F4C8 /* libPods-AppFramework.a */,
			);
			name = Frameworks;
			sourceTree = "<group>";
		};
		7B00C281210F0044005153EE /* Ads_广告页 */ = {
			isa = PBXGroup;
			children = (
				7B00C282210F00A5005153EE /* AdvertiseView.h */,
				7B00C283210F00A5005153EE /* AdvertiseView.m */,
				7B00C285210F0A73005153EE /* AdvertiseHelper.h */,
				7B00C286210F0A73005153EE /* AdvertiseHelper.m */,
			);
			path = "Ads_广告页";
			sourceTree = "<group>";
		};
		7B628D0520FDDF81001E8C6D /* CoreAnimation_动画 */ = {
			isa = PBXGroup;
			children = (
				7B628D0620FDDFB5001E8C6D /* CoreAnimation.md */,
				7B628D0720FDE6B1001E8C6D /* CAView.h */,
				7B628D0820FDE6B1001E8C6D /* CAView.m */,
			);
			path = "CoreAnimation_动画";
			sourceTree = "<group>";
		};
		7BA0F36820F728D7004D6987 /* Notification */ = {
			isa = PBXGroup;
			children = (
				7BA0F36920F72902004D6987 /* NotificationDemo.h */,
				7BA0F36A20F72902004D6987 /* NotificationDemo.m */,
				7B4A6A4120EA0C9F00FA9963 /* Student.h */,
				7B4A6A4220EA0C9F00FA9963 /* Student.m */,
			);
			path = Notification;
			sourceTree = "<group>";
		};
		7BC6CF9120FC8AE300E09F3C /* Thread_线程 */ = {
			isa = PBXGroup;
			children = (
				7BC6CF9020FC7CFE00E09F3C /* 多线程.md */,
				7BC6CF9220FC8AFD00E09F3C /* ThreadDemo.h */,
				7BC6CF9320FC8AFD00E09F3C /* ThreadDemo.m */,
			);
			path = "Thread_线程";
			sourceTree = "<group>";
		};
		7BF2181C20746B6500F45A01 = {
			isa = PBXGroup;
			children = (
				7BF2182720746B6500F45A01 /* AppFramework */,
				7BF2184020746B6500F45A01 /* AppFrameworkTests */,
				7BF2184B20746B6600F45A01 /* AppFrameworkUITests */,
				7BF2182620746B6500F45A01 /* Products */,
				240133B29EA871946DE90CB1 /* Pods */,
				335CBD06404F80FBA3815586 /* Frameworks */,
			);
			sourceTree = "<group>";
		};
		7BF2182620746B6500F45A01 /* Products */ = {
			isa = PBXGroup;
			children = (
				7BF2182520746B6500F45A01 /* AppFramework.app */,
				7BF2183D20746B6500F45A01 /* AppFrameworkTests.xctest */,
				7BF2184820746B6500F45A01 /* AppFrameworkUITests.xctest */,
			);
			name = Products;
			sourceTree = "<group>";
		};
		7BF2182720746B6500F45A01 /* AppFramework */ = {
			isa = PBXGroup;
			children = (
				7BF2182820746B6500F45A01 /* AppDelegate.h */,
				7BF2182920746B6500F45A01 /* AppDelegate.m */,
				7B8198D1211198EE00F85F84 /* KVO.md */,
				7B8198D221119BDB00F85F84 /* UITableView_优化.md */,
				7BC6CF8F20FC42CA00E09F3C /* README.md */,
				7B00C281210F0044005153EE /* Ads_广告页 */,
				7B628D0520FDDF81001E8C6D /* CoreAnimation_动画 */,
				7BC6CF9120FC8AE300E09F3C /* Thread_线程 */,
				7BA0F36820F728D7004D6987 /* Notification */,
				7BA0F36520F6ECC9004D6987 /* FMDBDemo.h */,
				7BA0F36620F6ECC9004D6987 /* FMDBDemo.m */,
				7BA0A5C520EF44F2008D4370 /* MyRuntimeBlock.h */,
				7BA0A5C620EF44F2008D4370 /* MyRuntimeBlock.m */,
				7BA0A5BF20EEFDBD008D4370 /* UIViewController+Swizzle.h */,
				7BA0A5C020EEFDBD008D4370 /* UIViewController+Swizzle.m */,
				7BA0A5C220EF052B008D4370 /* NSArray+MyArray.h */,
				7BA0A5C320EF052B008D4370 /* NSArray+MyArray.m */,
				7B2240CF20EDF23300E45BDC /* SUTRuntimeMethod.h */,
				7B2240D020EDF23300E45BDC /* SUTRuntimeMethod.m */,
				7BA6E8BD20ECA14C006F04D0 /* NSArray+Blog.h */,
				7BA6E8BE20ECA14C006F04D0 /* NSArray+Blog.m */,
				7BF2185D2074819900F45A01 /* NavigationBar_image.png */,
				7BF2185A2074804C00F45A01 /* BaseViewController.h */,
				7BF2185B2074804C00F45A01 /* BaseViewController.m */,
				7BF2185F2074CADB00F45A01 /* BaseWebViewController.h */,
				7BF218602074CADB00F45A01 /* BaseWebViewController.m */,
				7BF2182B20746B6500F45A01 /* ViewController.h */,
				7BF2182C20746B6500F45A01 /* ViewController.m */,
				7BF218622074D59900F45A01 /* WebViewController.h */,
				7BF218632074D59900F45A01 /* WebViewController.m */,
				7BF2182E20746B6500F45A01 /* Main.storyboard */,
				7BF2183120746B6500F45A01 /* Assets.xcassets */,
				7BF2183320746B6500F45A01 /* LaunchScreen.storyboard */,
				7BF2183620746B6500F45A01 /* Info.plist */,
				7BF2183720746B6500F45A01 /* main.m */,
				7B628D0A20FDE7E7001E8C6D /* AppFramework.pch */,
			);
			path = AppFramework;
			sourceTree = "<group>";
		};
		7BF2184020746B6500F45A01 /* AppFrameworkTests */ = {
			isa = PBXGroup;
			children = (
				7BF2184120746B6500F45A01 /* AppFrameworkTests.m */,
				7BF2184320746B6500F45A01 /* Info.plist */,
			);
			path = AppFrameworkTests;
			sourceTree = "<group>";
		};
		7BF2184B20746B6600F45A01 /* AppFrameworkUITests */ = {
			isa = PBXGroup;
			children = (
				7BF2184C20746B6600F45A01 /* AppFrameworkUITests.m */,
				7BF2184E20746B6600F45A01 /* Info.plist */,
			);
			path = AppFrameworkUITests;
			sourceTree = "<group>";
		};
/* End PBXGroup section */

/* Begin PBXNativeTarget section */
		7BF2182420746B6500F45A01 /* AppFramework */ = {
			isa = PBXNativeTarget;
			buildConfigurationList = 7BF2185120746B6600F45A01 /* Build configuration list for PBXNativeTarget "AppFramework" */;
			buildPhases = (
				B18DBC8F35B3A5442F0622B7 /* [CP] Check Pods Manifest.lock */,
				7BF2182120746B6500F45A01 /* Sources */,
				7BF2182220746B6500F45A01 /* Frameworks */,
				7BF2182320746B6500F45A01 /* Resources */,
				EE9B813E2F4DE0CC85C7D95D /* [CP] Embed Pods Frameworks */,
				4557BA6BC372C1AE48C58148 /* [CP] Copy Pods Resources */,
			);
			buildRules = (
			);
			dependencies = (
			);
			name = AppFramework;
			productName = AppFramework;
			productReference = 7BF2182520746B6500F45A01 /* AppFramework.app */;
			productType = "com.apple.product-type.application";
		};
		7BF2183C20746B6500F45A01 /* AppFrameworkTests */ = {
			isa = PBXNativeTarget;
			buildConfigurationList = 7BF2185420746B6600F45A01 /* Build configuration list for PBXNativeTarget "AppFrameworkTests" */;
			buildPhases = (
				7BF2183920746B6500F45A01 /* Sources */,
				7BF2183A20746B6500F45A01 /* Frameworks */,
				7BF2183B20746B6500F45A01 /* Resources */,
			);
			buildRules = (
			);
			dependencies = (
				7BF2183F20746B6500F45A01 /* PBXTargetDependency */,
			);
			name = AppFrameworkTests;
			productName = AppFrameworkTests;
			productReference = 7BF2183D20746B6500F45A01 /* AppFrameworkTests.xctest */;
			productType = "com.apple.product-type.bundle.unit-test";
		};
		7BF2184720746B6500F45A01 /* AppFrameworkUITests */ = {
			isa = PBXNativeTarget;
			buildConfigurationList = 7BF2185720746B6600F45A01 /* Build configuration list for PBXNativeTarget "AppFrameworkUITests" */;
			buildPhases = (
				7BF2184420746B6500F45A01 /* Sources */,
				7BF2184520746B6500F45A01 /* Frameworks */,
				7BF2184620746B6500F45A01 /* Resources */,
			);
			buildRules = (
			);
			dependencies = (
				7BF2184A20746B6600F45A01 /* PBXTargetDependency */,
			);
			name = AppFrameworkUITests;
			productName = AppFrameworkUITests;
			productReference = 7BF2184820746B6500F45A01 /* AppFrameworkUITests.xctest */;
			productType = "com.apple.product-type.bundle.ui-testing";
		};
/* End PBXNativeTarget section */

/* Begin PBXProject section */
		7BF2181D20746B6500F45A01 /* Project object */ = {
			isa = PBXProject;
			attributes = {
				LastUpgradeCheck = 0920;
				ORGANIZATIONNAME = zrq;
				TargetAttributes = {
					7BF2182420746B6500F45A01 = {
						CreatedOnToolsVersion = 9.2;
						ProvisioningStyle = Automatic;
					};
					7BF2183C20746B6500F45A01 = {
						CreatedOnToolsVersion = 9.2;
						ProvisioningStyle = Automatic;
						TestTargetID = 7BF2182420746B6500F45A01;
					};
					7BF2184720746B6500F45A01 = {
						CreatedOnToolsVersion = 9.2;
						ProvisioningStyle = Automatic;
						TestTargetID = 7BF2182420746B6500F45A01;
					};
				};
			};
			buildConfigurationList = 7BF2182020746B6500F45A01 /* Build configuration list for PBXProject "AppFramework" */;
			compatibilityVersion = "Xcode 8.0";
			developmentRegion = en;
			hasScannedForEncodings = 0;
			knownRegions = (
				en,
				Base,
			);
			mainGroup = 7BF2181C20746B6500F45A01;
			productRefGroup = 7BF2182620746B6500F45A01 /* Products */;
			projectDirPath = "";
			projectRoot = "";
			targets = (
				7BF2182420746B6500F45A01 /* AppFramework */,
				7BF2183C20746B6500F45A01 /* AppFrameworkTests */,
				7BF2184720746B6500F45A01 /* AppFrameworkUITests */,
			);
		};
/* End PBXProject section */

/* Begin PBXResourcesBuildPhase section */
		7BF2182320746B6500F45A01 /* Resources */ = {
			isa = PBXResourcesBuildPhase;
			buildActionMask = 2147483647;
			files = (
				7BF2185E2074819900F45A01 /* NavigationBar_image.png in Resources */,
				7BF2183520746B6500F45A01 /* LaunchScreen.storyboard in Resources */,
				7BF2183220746B6500F45A01 /* Assets.xcassets in Resources */,
				7BF2183020746B6500F45A01 /* Main.storyboard in Resources */,
			);
			runOnlyForDeploymentPostprocessing = 0;
		};
		7BF2183B20746B6500F45A01 /* Resources */ = {
			isa = PBXResourcesBuildPhase;
			buildActionMask = 2147483647;
			files = (
			);
			runOnlyForDeploymentPostprocessing = 0;
		};
		7BF2184620746B6500F45A01 /* Resources */ = {
			isa = PBXResourcesBuildPhase;
			buildActionMask = 2147483647;
			files = (
			);
			runOnlyForDeploymentPostprocessing = 0;
		};
/* End PBXResourcesBuildPhase section */

/* Begin PBXShellScriptBuildPhase section */
		4557BA6BC372C1AE48C58148 /* [CP] Copy Pods Resources */ = {
			isa = PBXShellScriptBuildPhase;
			buildActionMask = 2147483647;
			files = (
			);
			inputPaths = (
			);
			name = "[CP] Copy Pods Resources";
			outputPaths = (
			);
			runOnlyForDeploymentPostprocessing = 0;
			shellPath = /bin/sh;
			shellScript = "\"${SRCROOT}/Pods/Target Support Files/Pods-AppFramework/Pods-AppFramework-resources.sh\"\n";
			showEnvVarsInLog = 0;
		};
		B18DBC8F35B3A5442F0622B7 /* [CP] Check Pods Manifest.lock */ = {
			isa = PBXShellScriptBuildPhase;
			buildActionMask = 2147483647;
			files = (
			);
			inputPaths = (
				"${PODS_PODFILE_DIR_PATH}/Podfile.lock",
				"${PODS_ROOT}/Manifest.lock",
			);
			name = "[CP] Check Pods Manifest.lock";
			outputPaths = (
				"$(DERIVED_FILE_DIR)/Pods-AppFramework-checkManifestLockResult.txt",
			);
			runOnlyForDeploymentPostprocessing = 0;
			shellPath = /bin/sh;
			shellScript = "diff \"${PODS_PODFILE_DIR_PATH}/Podfile.lock\" \"${PODS_ROOT}/Manifest.lock\" > /dev/null\nif [ $? != 0 ] ; then\n    # print error to STDERR\n    echo \"error: The sandbox is not in sync with the Podfile.lock. Run 'pod install' or update your CocoaPods installation.\" >&2\n    exit 1\nfi\n# This output is used by Xcode 'outputs' to avoid re-running this script phase.\necho \"SUCCESS\" > \"${SCRIPT_OUTPUT_FILE_0}\"\n";
			showEnvVarsInLog = 0;
		};
		EE9B813E2F4DE0CC85C7D95D /* [CP] Embed Pods Frameworks */ = {
			isa = PBXShellScriptBuildPhase;
			buildActionMask = 2147483647;
			files = (
			);
			inputPaths = (
			);
			name = "[CP] Embed Pods Frameworks";
			outputPaths = (
			);
			runOnlyForDeploymentPostprocessing = 0;
			shellPath = /bin/sh;
			shellScript = "\"${SRCROOT}/Pods/Target Support Files/Pods-AppFramework/Pods-AppFramework-frameworks.sh\"\n";
			showEnvVarsInLog = 0;
		};
/* End PBXShellScriptBuildPhase section */

/* Begin PBXSourcesBuildPhase section */
		7BF2182120746B6500F45A01 /* Sources */ = {
			isa = PBXSourcesBuildPhase;
			buildActionMask = 2147483647;
			files = (
				7BA0A5C720EF44F2008D4370 /* MyRuntimeBlock.m in Sources */,
				7BA0F36720F6ECC9004D6987 /* FMDBDemo.m in Sources */,
				7B628D0920FDE6B1001E8C6D /* CAView.m in Sources */,
				7BA6E8BF20ECA14C006F04D0 /* NSArray+Blog.m in Sources */,
				7BF2182D20746B6500F45A01 /* ViewController.m in Sources */,
				7BF218642074D59900F45A01 /* WebViewController.m in Sources */,
				7B2240D120EDF23300E45BDC /* SUTRuntimeMethod.m in Sources */,
				7BF2185C2074804C00F45A01 /* BaseViewController.m in Sources */,
				7BA0F36B20F72902004D6987 /* NotificationDemo.m in Sources */,
				7BA0A5C120EEFDBD008D4370 /* UIViewController+Swizzle.m in Sources */,
				7BF2183820746B6500F45A01 /* main.m in Sources */,
				7BA0A5C420EF052B008D4370 /* NSArray+MyArray.m in Sources */,
				7B00C284210F00A5005153EE /* AdvertiseView.m in Sources */,
				7BC6CF9420FC8AFD00E09F3C /* ThreadDemo.m in Sources */,
				7B4A6A4320EA0C9F00FA9963 /* Student.m in Sources */,
				7B00C287210F0A73005153EE /* AdvertiseHelper.m in Sources */,
				7BF218612074CADB00F45A01 /* BaseWebViewController.m in Sources */,
				7BF2182A20746B6500F45A01 /* AppDelegate.m in Sources */,
			);
			runOnlyForDeploymentPostprocessing = 0;
		};
		7BF2183920746B6500F45A01 /* Sources */ = {
			isa = PBXSourcesBuildPhase;
			buildActionMask = 2147483647;
			files = (
				7BF2184220746B6500F45A01 /* AppFrameworkTests.m in Sources */,
			);
			runOnlyForDeploymentPostprocessing = 0;
		};
		7BF2184420746B6500F45A01 /* Sources */ = {
			isa = PBXSourcesBuildPhase;
			buildActionMask = 2147483647;
			files = (
				7BF2184D20746B6600F45A01 /* AppFrameworkUITests.m in Sources */,
			);
			runOnlyForDeploymentPostprocessing = 0;
		};
/* End PBXSourcesBuildPhase section */

/* Begin PBXTargetDependency section */
		7BF2183F20746B6500F45A01 /* PBXTargetDependency */ = {
			isa = PBXTargetDependency;
			target = 7BF2182420746B6500F45A01 /* AppFramework */;
			targetProxy = 7BF2183E20746B6500F45A01 /* PBXContainerItemProxy */;
		};
		7BF2184A20746B6600F45A01 /* PBXTargetDependency */ = {
			isa = PBXTargetDependency;
			target = 7BF2182420746B6500F45A01 /* AppFramework */;
			targetProxy = 7BF2184920746B6600F45A01 /* PBXContainerItemProxy */;
		};
/* End PBXTargetDependency section */

/* Begin PBXVariantGroup section */
		7BF2182E20746B6500F45A01 /* Main.storyboard */ = {
			isa = PBXVariantGroup;
			children = (
				7BF2182F20746B6500F45A01 /* Base */,
			);
			name = Main.storyboard;
			sourceTree = "<group>";
		};
		7BF2183320746B6500F45A01 /* LaunchScreen.storyboard */ = {
			isa = PBXVariantGroup;
			children = (
				7BF2183420746B6500F45A01 /* Base */,
			);
			name = LaunchScreen.storyboard;
			sourceTree = "<group>";
		};
/* End PBXVariantGroup section */

/* Begin XCBuildConfiguration section */
		7BF2184F20746B6600F45A01 /* Debug */ = {
			isa = XCBuildConfiguration;
			buildSettings = {
				ALWAYS_SEARCH_USER_PATHS = NO;
				CLANG_ANALYZER_NONNULL = YES;
				CLANG_ANALYZER_NUMBER_OBJECT_CONVERSION = YES_AGGRESSIVE;
				CLANG_CXX_LANGUAGE_STANDARD = "gnu++14";
				CLANG_CXX_LIBRARY = "libc++";
				CLANG_ENABLE_MODULES = YES;
				CLANG_ENABLE_OBJC_ARC = YES;
				CLANG_WARN_BLOCK_CAPTURE_AUTORELEASING = YES;
				CLANG_WARN_BOOL_CONVERSION = YES;
				CLANG_WARN_COMMA = YES;
				CLANG_WARN_CONSTANT_CONVERSION = YES;
				CLANG_WARN_DIRECT_OBJC_ISA_USAGE = YES_ERROR;
				CLANG_WARN_DOCUMENTATION_COMMENTS = YES;
				CLANG_WARN_EMPTY_BODY = YES;
				CLANG_WARN_ENUM_CONVERSION = YES;
				CLANG_WARN_INFINITE_RECURSION = YES;
				CLANG_WARN_INT_CONVERSION = YES;
				CLANG_WARN_NON_LITERAL_NULL_CONVERSION = YES;
				CLANG_WARN_OBJC_LITERAL_CONVERSION = YES;
				CLANG_WARN_OBJC_ROOT_CLASS = YES_ERROR;
				CLANG_WARN_RANGE_LOOP_ANALYSIS = YES;
				CLANG_WARN_STRICT_PROTOTYPES = YES;
				CLANG_WARN_SUSPICIOUS_MOVE = YES;
				CLANG_WARN_UNGUARDED_AVAILABILITY = YES_AGGRESSIVE;
				CLANG_WARN_UNREACHABLE_CODE = YES;
				CLANG_WARN__DUPLICATE_METHOD_MATCH = YES;
				CODE_SIGN_IDENTITY = "iPhone Developer";
				COPY_PHASE_STRIP = NO;
				DEBUG_INFORMATION_FORMAT = dwarf;
				ENABLE_STRICT_OBJC_MSGSEND = YES;
				ENABLE_TESTABILITY = YES;
				GCC_C_LANGUAGE_STANDARD = gnu11;
				GCC_DYNAMIC_NO_PIC = NO;
				GCC_NO_COMMON_BLOCKS = YES;
				GCC_OPTIMIZATION_LEVEL = 0;
				GCC_PREPROCESSOR_DEFINITIONS = (
					"DEBUG=1",
					"$(inherited)",
				);
				GCC_WARN_64_TO_32_BIT_CONVERSION = YES;
				GCC_WARN_ABOUT_RETURN_TYPE = YES_ERROR;
				GCC_WARN_UNDECLARED_SELECTOR = YES;
				GCC_WARN_UNINITIALIZED_AUTOS = YES_AGGRESSIVE;
				GCC_WARN_UNUSED_FUNCTION = YES;
				GCC_WARN_UNUSED_VARIABLE = YES;
				IPHONEOS_DEPLOYMENT_TARGET = 11.2;
				MTL_ENABLE_DEBUG_INFO = YES;
				ONLY_ACTIVE_ARCH = YES;
				SDKROOT = iphoneos;
			};
			name = Debug;
		};
		7BF2185020746B6600F45A01 /* Release */ = {
			isa = XCBuildConfiguration;
			buildSettings = {
				ALWAYS_SEARCH_USER_PATHS = NO;
				CLANG_ANALYZER_NONNULL = YES;
				CLANG_ANALYZER_NUMBER_OBJECT_CONVERSION = YES_AGGRESSIVE;
				CLANG_CXX_LANGUAGE_STANDARD = "gnu++14";
				CLANG_CXX_LIBRARY = "libc++";
				CLANG_ENABLE_MODULES = YES;
				CLANG_ENABLE_OBJC_ARC = YES;
				CLANG_WARN_BLOCK_CAPTURE_AUTORELEASING = YES;
				CLANG_WARN_BOOL_CONVERSION = YES;
				CLANG_WARN_COMMA = YES;
				CLANG_WARN_CONSTANT_CONVERSION = YES;
				CLANG_WARN_DIRECT_OBJC_ISA_USAGE = YES_ERROR;
				CLANG_WARN_DOCUMENTATION_COMMENTS = YES;
				CLANG_WARN_EMPTY_BODY = YES;
				CLANG_WARN_ENUM_CONVERSION = YES;
				CLANG_WARN_INFINITE_RECURSION = YES;
				CLANG_WARN_INT_CONVERSION = YES;
				CLANG_WARN_NON_LITERAL_NULL_CONVERSION = YES;
				CLANG_WARN_OBJC_LITERAL_CONVERSION = YES;
				CLANG_WARN_OBJC_ROOT_CLASS = YES_ERROR;
				CLANG_WARN_RANGE_LOOP_ANALYSIS = YES;
				CLANG_WARN_STRICT_PROTOTYPES = YES;
				CLANG_WARN_SUSPICIOUS_MOVE = YES;
				CLANG_WARN_UNGUARDED_AVAILABILITY = YES_AGGRESSIVE;
				CLANG_WARN_UNREACHABLE_CODE = YES;
				CLANG_WARN__DUPLICATE_METHOD_MATCH = YES;
				CODE_SIGN_IDENTITY = "iPhone Developer";
				COPY_PHASE_STRIP = NO;
				DEBUG_INFORMATION_FORMAT = "dwarf-with-dsym";
				ENABLE_NS_ASSERTIONS = NO;
				ENABLE_STRICT_OBJC_MSGSEND = YES;
				GCC_C_LANGUAGE_STANDARD = gnu11;
				GCC_NO_COMMON_BLOCKS = YES;
				GCC_WARN_64_TO_32_BIT_CONVERSION = YES;
				GCC_WARN_ABOUT_RETURN_TYPE = YES_ERROR;
				GCC_WARN_UNDECLARED_SELECTOR = YES;
				GCC_WARN_UNINITIALIZED_AUTOS = YES_AGGRESSIVE;
				GCC_WARN_UNUSED_FUNCTION = YES;
				GCC_WARN_UNUSED_VARIABLE = YES;
				IPHONEOS_DEPLOYMENT_TARGET = 11.2;
				MTL_ENABLE_DEBUG_INFO = NO;
				SDKROOT = iphoneos;
				VALIDATE_PRODUCT = YES;
			};
			name = Release;
		};
		7BF2185220746B6600F45A01 /* Debug */ = {
			isa = XCBuildConfiguration;
			baseConfigurationReference = E8D3CC27EEBEC8AB2795F72C /* Pods-AppFramework.debug.xcconfig */;
			buildSettings = {
				ASSETCATALOG_COMPILER_APPICON_NAME = AppIcon;
				CODE_SIGN_STYLE = Automatic;
				DEVELOPMENT_TEAM = 98298VBF9J;
				GCC_PREFIX_HEADER = /Users/zrq/Documents/GitHub/AppFramework/AppFramework/AppFramework.pch;
				INFOPLIST_FILE = AppFramework/Info.plist;
				LD_RUNPATH_SEARCH_PATHS = "$(inherited) @executable_path/Frameworks";
				PRODUCT_BUNDLE_IDENTIFIER = md.AppFramework;
				PRODUCT_NAME = "$(TARGET_NAME)";
				TARGETED_DEVICE_FAMILY = "1,2";
			};
			name = Debug;
		};
		7BF2185320746B6600F45A01 /* Release */ = {
			isa = XCBuildConfiguration;
			baseConfigurationReference = A630596B0BD6A84272AEB085 /* Pods-AppFramework.release.xcconfig */;
			buildSettings = {
				ASSETCATALOG_COMPILER_APPICON_NAME = AppIcon;
				CODE_SIGN_STYLE = Automatic;
				DEVELOPMENT_TEAM = 98298VBF9J;
				GCC_PREFIX_HEADER = /Users/zrq/Documents/GitHub/AppFramework/AppFramework/AppFramework.pch;
				INFOPLIST_FILE = AppFramework/Info.plist;
				LD_RUNPATH_SEARCH_PATHS = "$(inherited) @executable_path/Frameworks";
				PRODUCT_BUNDLE_IDENTIFIER = md.AppFramework;
				PRODUCT_NAME = "$(TARGET_NAME)";
				TARGETED_DEVICE_FAMILY = "1,2";
			};
			name = Release;
		};
		7BF2185520746B6600F45A01 /* Debug */ = {
			isa = XCBuildConfiguration;
			buildSettings = {
				BUNDLE_LOADER = "$(TEST_HOST)";
				CODE_SIGN_STYLE = Automatic;
				DEVELOPMENT_TEAM = 98298VBF9J;
				INFOPLIST_FILE = AppFrameworkTests/Info.plist;
				LD_RUNPATH_SEARCH_PATHS = "$(inherited) @executable_path/Frameworks @loader_path/Frameworks";
				PRODUCT_BUNDLE_IDENTIFIER = md.AppFrameworkTests;
				PRODUCT_NAME = "$(TARGET_NAME)";
				TARGETED_DEVICE_FAMILY = "1,2";
				TEST_HOST = "$(BUILT_PRODUCTS_DIR)/AppFramework.app/AppFramework";
			};
			name = Debug;
		};
		7BF2185620746B6600F45A01 /* Release */ = {
			isa = XCBuildConfiguration;
			buildSettings = {
				BUNDLE_LOADER = "$(TEST_HOST)";
				CODE_SIGN_STYLE = Automatic;
				DEVELOPMENT_TEAM = 98298VBF9J;
				INFOPLIST_FILE = AppFrameworkTests/Info.plist;
				LD_RUNPATH_SEARCH_PATHS = "$(inherited) @executable_path/Frameworks @loader_path/Frameworks";
				PRODUCT_BUNDLE_IDENTIFIER = md.AppFrameworkTests;
				PRODUCT_NAME = "$(TARGET_NAME)";
				TARGETED_DEVICE_FAMILY = "1,2";
				TEST_HOST = "$(BUILT_PRODUCTS_DIR)/AppFramework.app/AppFramework";
			};
			name = Release;
		};
		7BF2185820746B6600F45A01 /* Debug */ = {
			isa = XCBuildConfiguration;
			buildSettings = {
				CODE_SIGN_STYLE = Automatic;
				DEVELOPMENT_TEAM = 98298VBF9J;
				INFOPLIST_FILE = AppFrameworkUITests/Info.plist;
				LD_RUNPATH_SEARCH_PATHS = "$(inherited) @executable_path/Frameworks @loader_path/Frameworks";
				PRODUCT_BUNDLE_IDENTIFIER = md.AppFrameworkUITests;
				PRODUCT_NAME = "$(TARGET_NAME)";
				TARGETED_DEVICE_FAMILY = "1,2";
				TEST_TARGET_NAME = AppFramework;
			};
			name = Debug;
		};
		7BF2185920746B6600F45A01 /* Release */ = {
			isa = XCBuildConfiguration;
			buildSettings = {
				CODE_SIGN_STYLE = Automatic;
				DEVELOPMENT_TEAM = 98298VBF9J;
				INFOPLIST_FILE = AppFrameworkUITests/Info.plist;
				LD_RUNPATH_SEARCH_PATHS = "$(inherited) @executable_path/Frameworks @loader_path/Frameworks";
				PRODUCT_BUNDLE_IDENTIFIER = md.AppFrameworkUITests;
				PRODUCT_NAME = "$(TARGET_NAME)";
				TARGETED_DEVICE_FAMILY = "1,2";
				TEST_TARGET_NAME = AppFramework;
			};
			name = Release;
		};
/* End XCBuildConfiguration section */

/* Begin XCConfigurationList section */
		7BF2182020746B6500F45A01 /* Build configuration list for PBXProject "AppFramework" */ = {
			isa = XCConfigurationList;
			buildConfigurations = (
				7BF2184F20746B6600F45A01 /* Debug */,
				7BF2185020746B6600F45A01 /* Release */,
			);
			defaultConfigurationIsVisible = 0;
			defaultConfigurationName = Release;
		};
		7BF2185120746B6600F45A01 /* Build configuration list for PBXNativeTarget "AppFramework" */ = {
			isa = XCConfigurationList;
			buildConfigurations = (
				7BF2185220746B6600F45A01 /* Debug */,
				7BF2185320746B6600F45A01 /* Release */,
			);
			defaultConfigurationIsVisible = 0;
			defaultConfigurationName = Release;
		};
		7BF2185420746B6600F45A01 /* Build configuration list for PBXNativeTarget "AppFrameworkTests" */ = {
			isa = XCConfigurationList;
			buildConfigurations = (
				7BF2185520746B6600F45A01 /* Debug */,
				7BF2185620746B6600F45A01 /* Release */,
			);
			defaultConfigurationIsVisible = 0;
			defaultConfigurationName = Release;
		};
		7BF2185720746B6600F45A01 /* Build configuration list for PBXNativeTarget "AppFrameworkUITests" */ = {
			isa = XCConfigurationList;
			buildConfigurations = (
				7BF2185820746B6600F45A01 /* Debug */,
				7BF2185920746B6600F45A01 /* Release */,
			);
			defaultConfigurationIsVisible = 0;
			defaultConfigurationName = Release;
		};
/* End XCConfigurationList section */
	};
	rootObject = 7BF2181D20746B6500F45A01 /* Project object */;
}
